
Microsoft Visual Studio Solution File, Format Version 11.00
# Visual Studio 15
Project("{8BC9CEB8-8B4A-11D0-8D11-00A0C91BC942}") = "3d", "3d.vcxproj", "{61C285C4-D31D-48EB-8300-4632519CF84F}"
EndProject
Project("{8BC9CEB8-8B4A-11D0-8D11-00A0C91BC942}") = "3d_multi", "3d_multi.vcxproj", "{29BCA88E-17A2-4144-8B60-5179A6FE9093}"
EndProject
Project("{8BC9CEB8-8B4A-11D0-8D11-00A0C91BC942}") = "event_parameter", "event_parameter.vcxproj", "{801E0123-6530-404F-9FAD-C8DE7F6680C2}"
EndProject
Project("{8BC9CEB8-8B4A-11D0-8D11-00A0C91BC942}") = "load_banks", "load_banks.vcxproj", "{7B02B1F4-6579-4CAB-85E7-F51DCADDCEF5}"
EndProject
Project("{8BC9CEB8-8B4A-11D0-8D11-00A0C91BC942}") = "music_callbacks", "music_callbacks.vcxproj", "{46AABEC6-1145-4A3C-88AF-BB7D6DAE66AD}"
EndProject
Project("{8BC9CEB8-8B4A-11D0-8D11-00A0C91BC942}") = "objectpan", "objectpan.vcxproj", "{94BE4C8B-DAF6-45C1-ADAC-676157F3FA94}"
EndProject
Project("{8BC9CEB8-8B4A-11D0-8D11-00A0C91BC942}") = "programmer_sound", "programmer_sound.vcxproj", "{5577560D-45BA-4D9A-B459-82B39F16929D}"
EndProject
Project("{8BC9CEB8-8B4A-11D0-8D11-00A0C91BC942}") = "recording_playback", "recording_playback.vcxproj", "{BF8302E7-DC7B-4267-920F-729B5DC8F259}"
EndProject
Project("{8BC9CEB8-8B4A-11D0-8D11-00A0C91BC942}") = "simple_event", "simple_event.vcxproj", "{4F521FE3-033C-4B5D-BB04-371802C3EA4F}"
EndProject
Global
	GlobalSection(SolutionConfigurationPlatforms) = preSolution
		Debug|Win32 = Debug|Win32
		Debug|x64 = Debug|x64
		Release|Win32 = Release|Win32
		Release|x64 = Release|x64
	EndGlobalSection
	GlobalSection(ProjectConfigurationPlatforms) = postSolution
		{61C285C4-D31D-48EB-8300-4632519CF84F}.Debug|Win32.ActiveCfg = Debug|Win32
		{61C285C4-D31D-48EB-8300-4632519CF84F}.Debug|Win32.Build.0 = Debug|Win32
		{61C285C4-D31D-48EB-8300-4632519CF84F}.Debug|Win32.Deploy.0 = Debug|Win32
		{61C285C4-D31D-48EB-8300-4632519CF84F}.Debug|x64.ActiveCfg = Debug|x64
		{61C285C4-D31D-48EB-8300-4632519CF84F}.Debug|x64.Build.0 = Debug|x64
		{61C285C4-D31D-48EB-8300-4632519CF84F}.Debug|x64.Deploy.0 = Debug|x64
		{61C285C4-D31D-48EB-8300-4632519CF84F}.Release|Win32.ActiveCfg = Release|Win32
		{61C285C4-D31D-48EB-8300-4632519CF84F}.Release|Win32.Build.0 = Release|Win32
		{61C285C4-D31D-48EB-8300-4632519CF84F}.Release|Win32.Deploy.0 = Release|Win32
		{61C285C4-D31D-48EB-8300-4632519CF84F}.Release|x64.ActiveCfg = Release|x64
		{61C285C4-D31D-48EB-8300-4632519CF84F}.Release|x64.Build.0 = Release|x64
		{61C285C4-D31D-48EB-8300-4632519CF84F}.Release|x64.Deploy.0 = Release|x64
		{29BCA88E-17A2-4144-8B60-5179A6FE9093}.Debug|Win32.ActiveCfg = Debug|Win32
		{29BCA88E-17A2-4144-8B60-5179A6FE9093}.Debug|Win32.Build.0 = Debug|Win32
		{29BCA88E-17A2-4144-8B60-5179A6FE9093}.Debug|Win32.Deploy.0 = Debug|Win32
		{29BCA88E-17A2-4144-8B60-5179A6FE9093}.Debug|x64.ActiveCfg = Debug|x64
		{29BCA88E-17A2-4144-8B60-5179A6FE9093}.Debug|x64.Build.0 = Debug|x64
		{29BCA88E-17A2-4144-8B60-5179A6FE9093}.Debug|x64.Deploy.0 = Debug|x64
		{29BCA88E-17A2-4144-8B60-5179A6FE9093}.Release|Win32.ActiveCfg = Release|Win32
		{29BCA88E-17A2-4144-8B60-5179A6FE9093}.Release|Win32.Build.0 = Release|Win32
		{29BCA88E-17A2-4144-8B60-5179A6FE9093}.Release|Win32.Deploy.0 = Release|Win32
		{29BCA88E-17A2-4144-8B60-5179A6FE9093}.Release|x64.ActiveCfg = Release|x64
		{29BCA88E-17A2-4144-8B60-5179A6FE9093}.Release|x64.Build.0 = Release|x64
		{29BCA88E-17A2-4144-8B60-5179A6FE9093}.Release|x64.Deploy.0 = Release|x64
		{801E0123-6530-404F-9FAD-C8DE7F6680C2}.Debug|Win32.ActiveCfg = Debug|Win32
		{801E0123-6530-404F-9FAD-C8DE7F6680C2}.Debug|Win32.Build.0 = Debug|Win32
		{801E0123-6530-404F-9FAD-C8DE7F6680C2}.Debug|Win32.Deploy.0 = Debug|Win32
		{801E0123-6530-404F-9FAD-C8DE7F6680C2}.Debug|x64.ActiveCfg = Debug|x64
		{801E0123-6530-404F-9FAD-C8DE7F6680C2}.Debug|x64.Build.0 = Debug|x64
		{801E0123-6530-404F-9FAD-C8DE7F6680C2}.Debug|x64.Deploy.0 = Debug|x64
		{801E0123-6530-404F-9FAD-C8DE7F6680C2}.Release|Win32.ActiveCfg = Release|Win32
		{801E0123-6530-404F-9FAD-C8DE7F6680C2}.Release|Win32.Build.0 = Release|Win32
		{801E0123-6530-404F-9FAD-C8DE7F6680C2}.Release|Win32.Deploy.0 = Release|Win32
		{801E0123-6530-404F-9FAD-C8DE7F6680C2}.Release|x64.ActiveCfg = Release|x64
		{801E0123-6530-404F-9FAD-C8DE7F6680C2}.Release|x64.Build.0 = Release|x64
		{801E0123-6530-404F-9FAD-C8DE7F6680C2}.Release|x64.Deploy.0 = Release|x64
		{7B02B1F4-6579-4CAB-85E7-F51DCADDCEF5}.Debug|Win32.ActiveCfg = Debug|Win32
		{7B02B1F4-6579-4CAB-85E7-F51DCADDCEF5}.Debug|Win32.Build.0 = Debug|Win32
		{7B02B1F4-6579-4CAB-85E7-F51DCADDCEF5}.Debug|Win32.Deploy.0 = Debug|Win32
		{7B02B1F4-6579-4CAB-85E7-F51DCADDCEF5}.Debug|x64.ActiveCfg = Debug|x64
		{7B02B1F4-6579-4CAB-85E7-F51DCADDCEF5}.Debug|x64.Build.0 = Debug|x64
		{7B02B1F4-6579-4CAB-85E7-F51DCADDCEF5}.Debug|x64.Deploy.0 = Debug|x64
		{7B02B1F4-6579-4CAB-85E7-F51DCADDCEF5}.Release|Win32.ActiveCfg = Release|Win32
		{7B02B1F4-6579-4CAB-85E7-F51DCADDCEF5}.Release|Win32.Build.0 = Release|Win32
		{7B02B1F4-6579-4CAB-85E7-F51DCADDCEF5}.Release|Win32.Deploy.0 = Release|Win32
		{7B02B1F4-6579-4CAB-85E7-F51DCADDCEF5}.Release|x64.ActiveCfg = Release|x64
		{7B02B1F4-6579-4CAB-85E7-F51DCADDCEF5}.Release|x64.Build.0 = Release|x64
		{7B02B1F4-6579-4CAB-85E7-F51DCADDCEF5}.Release|x64.Deploy.0 = Release|x64
		{46AABEC6-1145-4A3C-88AF-BB7D6DAE66AD}.Debug|Win32.ActiveCfg = Debug|Win32
		{46AABEC6-1145-4A3C-88AF-BB7D6DAE66AD}.Debug|Win32.Build.0 = Debug|Win32
		{46AABEC6-1145-4A3C-88AF-BB7D6DAE66AD}.Debug|Win32.Deploy.0 = Debug|Win32
		{46AABEC6-1145-4A3C-88AF-BB7D6DAE66AD}.Debug|x64.ActiveCfg = Debug|x64
		{46AABEC6-1145-4A3C-88AF-BB7D6DAE66AD}.Debug|x64.Build.0 = Debug|x64
		{46AABEC6-1145-4A3C-88AF-BB7D6DAE66AD}.Debug|x64.Deploy.0 = Debug|x64
		{46AABEC6-1145-4A3C-88AF-BB7D6DAE66AD}.Release|Win32.ActiveCfg = Release|Win32
		{46AABEC6-1145-4A3C-88AF-BB7D6DAE66AD}.Release|Win32.Build.0 = Release|Win32
		{46AABEC6-1145-4A3C-88AF-BB7D6DAE66AD}.Release|Win32.Deploy.0 = Release|Win32
		{46AABEC6-1145-4A3C-88AF-BB7D6DAE66AD}.Release|x64.ActiveCfg = Release|x64
		{46AABEC6-1145-4A3C-88AF-BB7D6DAE66AD}.Release|x64.Build.0 = Release|x64
		{46AABEC6-1145-4A3C-88AF-BB7D6DAE66AD}.Release|x64.Deploy.0 = Release|x64
		{94BE4C8B-DAF6-45C1-ADAC-676157F3FA94}.Debug|Win32.ActiveCfg = Debug|Win32
		{94BE4C8B-DAF6-45C1-ADAC-676157F3FA94}.Debug|Win32.Build.0 = Debug|Win32
		{94BE4C8B-DAF6-45C1-ADAC-676157F3FA94}.Debug|Win32.Deploy.0 = Debug|Win32
		{94BE4C8B-DAF6-45C1-ADAC-676157F3FA94}.Debug|x64.ActiveCfg = Debug|x64
		{94BE4C8B-DAF6-45C1-ADAC-676157F3FA94}.Debug|x64.Build.0 = Debug|x64
		{94BE4C8B-DAF6-45C1-ADAC-676157F3FA94}.Debug|x64.Deploy.0 = Debug|x64
		{94BE4C8B-DAF6-45C1-ADAC-676157F3FA94}.Release|Win32.ActiveCfg = Release|Win32
		{94BE4C8B-DAF6-45C1-ADAC-676157F3FA94}.Release|Win32.Build.0 = Release|Win32
		{94BE4C8B-DAF6-45C1-ADAC-676157F3FA94}.Release|Win32.Deploy.0 = Release|Win32
		{94BE4C8B-DAF6-45C1-ADAC-676157F3FA94}.Release|x64.ActiveCfg = Release|x64
		{94BE4C8B-DAF6-45C1-ADAC-676157F3FA94}.Release|x64.Build.0 = Release|x64
		{94BE4C8B-DAF6-45C1-ADAC-676157F3FA94}.Release|x64.Deploy.0 = Release|x64
		{5577560D-45BA-4D9A-B459-82B39F16929D}.Debug|Win32.ActiveCfg = Debug|Win32
		{5577560D-45BA-4D9A-B459-82B39F16929D}.Debug|Win32.Build.0 = Debug|Win32
		{5577560D-45BA-4D9A-B459-82B39F16929D}.Debug|Win32.Deploy.0 = Debug|Win32
		{5577560D-45BA-4D9A-B459-82B39F16929D}.Debug|x64.ActiveCfg = Debug|x64
		{5577560D-45BA-4D9A-B459-82B39F16929D}.Debug|x64.Build.0 = Debug|x64
		{5577560D-45BA-4D9A-B459-82B39F16929D}.Debug|x64.Deploy.0 = Debug|x64
		{5577560D-45BA-4D9A-B459-82B39F16929D}.Release|Win32.ActiveCfg = Release|Win32
		{5577560D-45BA-4D9A-B459-82B39F16929D}.Release|Win32.Build.0 = Release|Win32
		{5577560D-45BA-4D9A-B459-82B39F16929D}.Release|Win32.Deploy.0 = Release|Win32
		{5577560D-45BA-4D9A-B459-82B39F16929D}.Release|x64.ActiveCfg = Release|x64
		{5577560D-45BA-4D9A-B459-82B39F16929D}.Release|x64.Build.0 = Release|x64
		{5577560D-45BA-4D9A-B459-82B39F16929D}.Release|x64.Deploy.0 = Release|x64
		{BF8302E7-DC7B-4267-920F-729B5DC8F259}.Debug|Win32.ActiveCfg = Debug|Win32
		{BF8302E7-DC7B-4267-920F-729B5DC8F259}.Debug|Win32.Build.0 = Debug|Win32
		{BF8302E7-DC7B-4267-920F-729B5DC8F259}.Debug|Win32.Deploy.0 = Debug|Win32
		{BF8302E7-DC7B-4267-920F-729B5DC8F259}.Debug|x64.ActiveCfg = Debug|x64
		{BF8302E7-DC7B-4267-920F-729B5DC8F259}.Debug|x64.Build.0 = Debug|x64
		{BF8302E7-DC7B-4267-920F-729B5DC8F259}.Debug|x64.Deploy.0 = Debug|x64
		{BF8302E7-DC7B-4267-920F-729B5DC8F259}.Release|Win32.ActiveCfg = Release|Win32
		{BF8302E7-DC7B-4267-920F-729B5DC8F259}.Release|Win32.Build.0 = Release|Win32
		{BF8302E7-DC7B-4267-920F-729B5DC8F259}.Release|Win32.Deploy.0 = Release|Win32
		{BF8302E7-DC7B-4267-920F-729B5DC8F259}.Release|x64.ActiveCfg = Release|x64
		{BF8302E7-DC7B-4267-920F-729B5DC8F259}.Release|x64.Build.0 = Release|x64
		{BF8302E7-DC7B-4267-920F-729B5DC8F259}.Release|x64.Deploy.0 = Release|x64
		{4F521FE3-033C-4B5D-BB04-371802C3EA4F}.Debug|Win32.ActiveCfg = Debug|Win32
		{4F521FE3-033C-4B5D-BB04-371802C3EA4F}.Debug|Win32.Build.0 = Debug|Win32
		{4F521FE3-033C-4B5D-BB04-371802C3EA4F}.Debug|Win32.Deploy.0 = Debug|Win32
		{4F521FE3-033C-4B5D-BB04-371802C3EA4F}.Debug|x64.ActiveCfg = Debug|x64
		{4F521FE3-033C-4B5D-BB04-371802C3EA4F}.Debug|x64.Build.0 = Debug|x64
		{4F521FE3-033C-4B5D-BB04-371802C3EA4F}.Debug|x64.Deploy.0 = Debug|x64
		{4F521FE3-033C-4B5D-BB04-371802C3EA4F}.Release|Win32.ActiveCfg = Release|Win32
		{4F521FE3-033C-4B5D-BB04-371802C3EA4F}.Release|Win32.Build.0 = Release|Win32
		{4F521FE3-033C-4B5D-BB04-371802C3EA4F}.Release|Win32.Deploy.0 = Release|Win32
		{4F521FE3-033C-4B5D-BB04-371802C3EA4F}.Release|x64.ActiveCfg = Release|x64
		{4F521FE3-033C-4B5D-BB04-371802C3EA4F}.Release|x64.Build.0 = Release|x64
		{4F521FE3-033C-4B5D-BB04-371802C3EA4F}.Release|x64.Deploy.0 = Release|x64
	EndGlobalSection
	GlobalSection(SolutionProperties) = preSolution
		HideSolutionNode = FALSE
	EndGlobalSection
EndGlobal
